Microsoft Visual Studio Solution File, Format Version 12.00
# Visual Studio Version 17
VisualStudioVersion = 17.5.2.0
MinimumVisualStudioVersion = 10.0.40219.1
Project("{FAE04EC0-301F-11D3-BF4B-00C04F79EFBC}") = "sueldo_antiguedad", "sueldo_antiguedad.csproj", "{B199D14C-AB62-1FCD-3F27-4796CAD70718}"
EndProject
Global
	GlobalSection(SolutionConfigurationPlatforms) = preSolution
		Debug|Any CPU = Debug|Any CPU
		Release|Any CPU = Release|Any CPU
	EndGlobalSection
	GlobalSection(ProjectConfigurationPlatforms) = postSolution
		{B199D14C-AB62-1FCD-3F27-4796CAD70718}.Debug|Any CPU.ActiveCfg = Debug|Any CPU
		{B199D14C-AB62-1FCD-3F27-4796CAD70718}.Debug|Any CPU.Build.0 = Debug|Any CPU
		{B199D14C-AB62-1FCD-3F27-4796CAD70718}.Release|Any CPU.ActiveCfg = Release|Any CPU
		{B199D14C-AB62-1FCD-3F27-4796CAD70718}.Release|Any CPU.Build.0 = Release|Any CPU
	EndGlobalSection
	GlobalSection(SolutionProperties) = preSolution
		HideSolutionNode = FALSE
	EndGlobalSection
	GlobalSection(ExtensibilityGlobals) = postSolution
		SolutionGuid = {DAD30978-1279-4ACC-9206-E9B3B6B5D615}
	EndGlobalSection
EndGlobal
